
Microsoft Visual Studio Solution File, Format Version 12.00
# Visual Studio Version 16
VisualStudioVersion = 16.0.29613.14
MinimumVisualStudioVersion = 10.0.40219.1
Project("{FAE04EC0-301F-11D3-BF4B-00C04F79EFBC}") = "ToUpper", "ToUpper.csproj", "{2A9CE4B2-9FE6-45C7-B97B-4018001A776F}"
EndProject
Global
	GlobalSection(SolutionConfigurationPlatforms) = preSolution
		Debug|Any CPU = Debug|Any CPU
		Release|Any CPU = Release|Any CPU
	EndGlobalSection
	GlobalSection(ProjectConfigurationPlatforms) = postSolution
		{2A9CE4B2-9FE6-45C7-B97B-4018001A776F}.Debug|Any CPU.ActiveCfg = Debug|Any CPU
		{2A9CE4B2-9FE6-45C7-B97B-4018001A776F}.Debug|Any CPU.Build.0 = Debug|Any CPU
		{2A9CE4B2-9FE6-45C7-B97B-4018001A776F}.Release|Any CPU.ActiveCfg = Release|Any CPU
		{2A9CE4B2-9FE6-45C7-B97B-4018001A776F}.Release|Any CPU.Build.0 = Release|Any CPU
	EndGlobalSection
	GlobalSection(SolutionProperties) = preSolution
		HideSolutionNode = FALSE
	EndGlobalSection
	GlobalSection(ExtensibilityGlobals) = postSolution
		SolutionGuid = {2273F730-DCC3-4D9A-91CB-2057FEB0E4AE}
	EndGlobalSection
EndGlobal
