
Microsoft Visual Studio Solution File, Format Version 12.00
# Visual Studio Version 16
VisualStudioVersion = 16.0.29613.14
MinimumVisualStudioVersion = 10.0.40219.1
Project("{FAE04EC0-301F-11D3-BF4B-00C04F79EFBC}") = "SampleEvents", "SampleEvents.csproj", "{2B5174B0-8F15-46D8-A2E9-B8AB5E007914}"
EndProject
Global
	GlobalSection(SolutionConfigurationPlatforms) = preSolution
		Debug|Any CPU = Debug|Any CPU
		Release|Any CPU = Release|Any CPU
	EndGlobalSection
	GlobalSection(ProjectConfigurationPlatforms) = postSolution
		{2B5174B0-8F15-46D8-A2E9-B8AB5E007914}.Debug|Any CPU.ActiveCfg = Debug|Any CPU
		{2B5174B0-8F15-46D8-A2E9-B8AB5E007914}.Debug|Any CPU.Build.0 = Debug|Any CPU
		{2B5174B0-8F15-46D8-A2E9-B8AB5E007914}.Release|Any CPU.ActiveCfg = Release|Any CPU
		{2B5174B0-8F15-46D8-A2E9-B8AB5E007914}.Release|Any CPU.Build.0 = Release|Any CPU
	EndGlobalSection
	GlobalSection(SolutionProperties) = preSolution
		HideSolutionNode = FALSE
	EndGlobalSection
	GlobalSection(ExtensibilityGlobals) = postSolution
		SolutionGuid = {EF36CE37-6CE9-4349-A782-7C2E4238FCF4}
	EndGlobalSection
EndGlobal
