
Microsoft Visual Studio Solution File, Format Version 12.00
# Visual Studio Version 16
VisualStudioVersion = 16.0.29613.14
MinimumVisualStudioVersion = 10.0.40219.1
Project("{FAE04EC0-301F-11D3-BF4B-00C04F79EFBC}") = "Encoding", "Encoding.csproj", "{712083F5-F5CE-4E6B-99FC-28A04491CE49}"
EndProject
Global
	GlobalSection(SolutionConfigurationPlatforms) = preSolution
		Debug|Any CPU = Debug|Any CPU
		Release|Any CPU = Release|Any CPU
	EndGlobalSection
	GlobalSection(ProjectConfigurationPlatforms) = postSolution
		{712083F5-F5CE-4E6B-99FC-28A04491CE49}.Debug|Any CPU.ActiveCfg = Debug|Any CPU
		{712083F5-F5CE-4E6B-99FC-28A04491CE49}.Debug|Any CPU.Build.0 = Debug|Any CPU
		{712083F5-F5CE-4E6B-99FC-28A04491CE49}.Release|Any CPU.ActiveCfg = Release|Any CPU
		{712083F5-F5CE-4E6B-99FC-28A04491CE49}.Release|Any CPU.Build.0 = Release|Any CPU
	EndGlobalSection
	GlobalSection(SolutionProperties) = preSolution
		HideSolutionNode = FALSE
	EndGlobalSection
	GlobalSection(ExtensibilityGlobals) = postSolution
		SolutionGuid = {E2BA9B9E-9569-4092-9C5F-8637BEA48AF7}
	EndGlobalSection
EndGlobal
